
Microsoft Visual Studio Solution File, Format Version 12.00
Project("{FAE04EC0-301F-11D3-BF4B-00C04F79EFBC}") = "WeaponRealizer", "WeaponRealizer.csproj", "{012129B3-201C-49BE-A8E8-286DFFBCF8C1}"
EndProject
Global
	GlobalSection(SolutionConfigurationPlatforms) = preSolution
		Debug|Any CPU = Debug|Any CPU
		Release|Any CPU = Release|Any CPU
	EndGlobalSection
	GlobalSection(ProjectConfigurationPlatforms) = postSolution
		{012129B3-201C-49BE-A8E8-286DFFBCF8C1}.Debug|Any CPU.ActiveCfg = Debug|Any CPU
		{012129B3-201C-49BE-A8E8-286DFFBCF8C1}.Debug|Any CPU.Build.0 = Debug|Any CPU
		{012129B3-201C-49BE-A8E8-286DFFBCF8C1}.Release|Any CPU.ActiveCfg = Release|Any CPU
		{012129B3-201C-49BE-A8E8-286DFFBCF8C1}.Release|Any CPU.Build.0 = Release|Any CPU
	EndGlobalSection
EndGlobal
